
Microsoft Visual Studio Solution File, Format Version 12.00
# Visual Studio 15
VisualStudioVersion = 15.0.26606.0
MinimumVisualStudioVersion = 10.0.40219.1
Project("{9A19103F-16F7-4668-BE54-9A1E7A4F7556}") = "PSSignTool", "src\PSSignTool\PSSignTool.csproj", "{6FBDC22F-FC39-4100-9B90-80CF58F7C371}"
EndProject
Project("{2150E333-8FDC-42A3-9474-1A3956D46DE8}") = "Solution Items", "Solution Items", "{C03A6EE7-2940-4279-A196-427739A6FDA3}"
	ProjectSection(SolutionItems) = preProject
		.editorconfig = .editorconfig
	EndProjectSection
EndProject
Project("{9A19103F-16F7-4668-BE54-9A1E7A4F7556}") = "PSSignTool.Core", "src\PSSignTool.Core\PSSignTool.Core.csproj", "{5787AA49-F722-4169-9011-F14A86CB4BD6}"
EndProject
Project("{9A19103F-16F7-4668-BE54-9A1E7A4F7556}") = "PSSignTool.Tests", "tests\PSSignTool.Tests\PSSignTool.Tests.csproj", "{C010AA78-89DD-4AD9-9492-EF3961C0211B}"
EndProject
Global
	GlobalSection(SolutionConfigurationPlatforms) = preSolution
		Debug|Any CPU = Debug|Any CPU
		Release|Any CPU = Release|Any CPU
	EndGlobalSection
	GlobalSection(ProjectConfigurationPlatforms) = postSolution
		{6FBDC22F-FC39-4100-9B90-80CF58F7C371}.Debug|Any CPU.ActiveCfg = Debug|Any CPU
		{6FBDC22F-FC39-4100-9B90-80CF58F7C371}.Debug|Any CPU.Build.0 = Debug|Any CPU
		{6FBDC22F-FC39-4100-9B90-80CF58F7C371}.Release|Any CPU.ActiveCfg = Release|Any CPU
		{6FBDC22F-FC39-4100-9B90-80CF58F7C371}.Release|Any CPU.Build.0 = Release|Any CPU
		{5787AA49-F722-4169-9011-F14A86CB4BD6}.Debug|Any CPU.ActiveCfg = Debug|Any CPU
		{5787AA49-F722-4169-9011-F14A86CB4BD6}.Debug|Any CPU.Build.0 = Debug|Any CPU
		{5787AA49-F722-4169-9011-F14A86CB4BD6}.Release|Any CPU.ActiveCfg = Release|Any CPU
		{5787AA49-F722-4169-9011-F14A86CB4BD6}.Release|Any CPU.Build.0 = Release|Any CPU
		{C010AA78-89DD-4AD9-9492-EF3961C0211B}.Debug|Any CPU.ActiveCfg = Debug|Any CPU
		{C010AA78-89DD-4AD9-9492-EF3961C0211B}.Debug|Any CPU.Build.0 = Debug|Any CPU
		{C010AA78-89DD-4AD9-9492-EF3961C0211B}.Release|Any CPU.ActiveCfg = Release|Any CPU
		{C010AA78-89DD-4AD9-9492-EF3961C0211B}.Release|Any CPU.Build.0 = Release|Any CPU
	EndGlobalSection
	GlobalSection(SolutionProperties) = preSolution
		HideSolutionNode = FALSE
	EndGlobalSection
EndGlobal
